// !$*UTF8*$!
{
	archiveVersion = 1;
	classes = {
	};
	objectVersion = 46;
	objects = {

/* Begin PBXBuildFile section */
		44BA6A0F1C2A250C00C3AD6B /* main.m in Sources */ = {isa = PBXBuildFile; fileRef = 44BA6A0E1C2A250C00C3AD6B /* main.m */; };
		44BA6A121C2A250C00C3AD6B /* AppDelegate.m in Sources */ = {isa = PBXBuildFile; fileRef = 44BA6A111C2A250C00C3AD6B /* AppDelegate.m */; };
		44BA6A151C2A250C00C3AD6B /* ViewController.m in Sources */ = {isa = PBXBuildFile; fileRef = 44BA6A141C2A250C00C3AD6B /* ViewController.m */; };
		44BA6A181C2A250C00C3AD6B /* Main.storyboard in Resources */ = {isa = PBXBuildFile; fileRef = 44BA6A161C2A250C00C3AD6B /* Main.storyboard */; };
		44BA6A1A1C2A250C00C3AD6B /* Assets.xcassets in Resources */ = {isa = PBXBuildFile; fileRef = 44BA6A191C2A250C00C3AD6B /* Assets.xcassets */; };
		44BA6A1D1C2A250C00C3AD6B /* LaunchScreen.storyboard in Resources */ = {isa = PBXBuildFile; fileRef = 44BA6A1B1C2A250C00C3AD6B /* LaunchScreen.storyboard */; };
		44BA6A281C2A250C00C3AD6B /* ______Tests.m in Sources */ = {isa = PBXBuildFile; fileRef = 44BA6A271C2A250C00C3AD6B /* ______Tests.m */; };
		44BA6A331C2A250C00C3AD6B /* ______UITests.m in Sources */ = {isa = PBXBuildFile; fileRef = 44BA6A321C2A250C00C3AD6B /* ______UITests.m */; };
		44BA6A411C2A36C200C3AD6B /* photo.png in Resources */ = {isa = PBXBuildFile; fileRef = 44BA6A401C2A36C200C3AD6B /* photo.png */; settings = {ASSET_TAGS = (); }; };
		44BA6A441C2A7F8B00C3AD6B /* YLMusicBarButton.m in Sources */ = {isa = PBXBuildFile; fileRef = 44BA6A431C2A7F8B00C3AD6B /* YLMusicBarButton.m */; settings = {ASSET_TAGS = (); }; };
/* End PBXBuildFile section */

/* Begin PBXContainerItemProxy section */
		44BA6A241C2A250C00C3AD6B /* PBXContainerItemProxy */ = {
			isa = PBXContainerItemProxy;
			containerPortal = 44BA6A021C2A250C00C3AD6B /* Project object */;
			proxyType = 1;
			remoteGlobalIDString = 44BA6A091C2A250C00C3AD6B;
			remoteInfo = "网易音乐动效";
		};
		44BA6A2F1C2A250C00C3AD6B /* PBXContainerItemProxy */ = {
			isa = PBXContainerItemProxy;
			containerPortal = 44BA6A021C2A250C00C3AD6B /* Project object */;
			proxyType = 1;
			remoteGlobalIDString = 44BA6A091C2A250C00C3AD6B;
			remoteInfo = "网易音乐动效";
		};
/* End PBXContainerItemProxy section */

/* Begin PBXFileReference section */
		44BA6A0A1C2A250C00C3AD6B /* 网易音乐动效.app */ = {isa = PBXFileReference; explicitFileType = wrapper.application; includeInIndex = 0; path = "网易音乐动效.app"; sourceTree = BUILT_PRODUCTS_DIR; };
		44BA6A0E1C2A250C00C3AD6B /* main.m */ = {isa = PBXFileReference; lastKnownFileType = sourcecode.c.objc; path = main.m; sourceTree = "<group>"; };
		44BA6A101C2A250C00C3AD6B /* AppDelegate.h */ = {isa = PBXFileReference; lastKnownFileType = sourcecode.c.h; path = AppDelegate.h; sourceTree = "<group>"; };
		44BA6A111C2A250C00C3AD6B /* AppDelegate.m */ = {isa = PBXFileReference; lastKnownFileType = sourcecode.c.objc; path = AppDelegate.m; sourceTree = "<group>"; };
		44BA6A131C2A250C00C3AD6B /* ViewController.h */ = {isa = PBXFileReference; lastKnownFileType = sourcecode.c.h; path = ViewController.h; sourceTree = "<group>"; };
		44BA6A141C2A250C00C3AD6B /* ViewController.m */ = {isa = PBXFileReference; lastKnownFileType = sourcecode.c.objc; path = ViewController.m; sourceTree = "<group>"; };
		44BA6A171C2A250C00C3AD6B /* Base */ = {isa = PBXFileReference; lastKnownFileType = file.storyboard; name = Base; path = Base.lproj/Main.storyboard; sourceTree = "<group>"; };
		44BA6A191C2A250C00C3AD6B /* Assets.xcassets */ = {isa = PBXFileReference; lastKnownFileType = folder.assetcatalog; path = Assets.xcassets; sourceTree = "<group>"; };
		44BA6A1C1C2A250C00C3AD6B /* Base */ = {isa = PBXFileReference; lastKnownFileType = file.storyboard; name = Base; path = Base.lproj/LaunchScreen.storyboard; sourceTree = "<group>"; };
		44BA6A1E1C2A250C00C3AD6B /* Info.plist */ = {isa = PBXFileReference; lastKnownFileType = text.plist.xml; path = Info.plist; sourceTree = "<group>"; };
		44BA6A231C2A250C00C3AD6B /* 网易音乐动效Tests.xctest */ = {isa = PBXFileReference; explicitFileType = wrapper.cfbundle; includeInIndex = 0; path = "网易音乐动效Tests.xctest"; sourceTree = BUILT_PRODUCTS_DIR; };
		44BA6A271C2A250C00C3AD6B /* ______Tests.m */ = {isa = PBXFileReference; lastKnownFileType = sourcecode.c.objc; path = "______Tests.m"; sourceTree = "<group>"; };
		44BA6A291C2A250C00C3AD6B /* Info.plist */ = {isa = PBXFileReference; lastKnownFileType = text.plist.xml; path = Info.plist; sourceTree = "<group>"; };
		44BA6A2E1C2A250C00C3AD6B /* 网易音乐动效UITests.xctest */ = {isa = PBXFileReference; explicitFileType = wrapper.cfbundle; includeInIndex = 0; path = "网易音乐动效UITests.xctest"; sourceTree = BUILT_PRODUCTS_DIR; };
		44BA6A321C2A250C00C3AD6B /* ______UITests.m */ = {isa = PBXFileReference; lastKnownFileType = sourcecode.c.objc; path = "______UITests.m"; sourceTree = "<group>"; };
		44BA6A341C2A250C00C3AD6B /* Info.plist */ = {isa = PBXFileReference; lastKnownFileType = text.plist.xml; path = Info.plist; sourceTree = "<group>"; };
		44BA6A401C2A36C200C3AD6B /* photo.png */ = {isa = PBXFileReference; lastKnownFileType = image.png; path = photo.png; sourceTree = "<group>"; };
		44BA6A421C2A7F8B00C3AD6B /* YLMusicBarButton.h */ = {isa = PBXFileReference; fileEncoding = 4; lastKnownFileType = sourcecode.c.h; path = YLMusicBarButton.h; sourceTree = "<group>"; };
		44BA6A431C2A7F8B00C3AD6B /* YLMusicBarButton.m */ = {isa = PBXFileReference; fileEncoding = 4; lastKnownFileType = sourcecode.c.objc; path = YLMusicBarButton.m; sourceTree = "<group>"; };
/* End PBXFileReference section */

/* Begin PBXFrameworksBuildPhase section */
		44BA6A071C2A250C00C3AD6B /* Frameworks */ = {
			isa = PBXFrameworksBuildPhase;
			buildActionMask = 2147483647;
			files = (
			);
			runOnlyForDeploymentPostprocessing = 0;
		};
		44BA6A201C2A250C00C3AD6B /* Frameworks */ = {
			isa = PBXFrameworksBuildPhase;
			buildActionMask = 2147483647;
			files = (
			);
			runOnlyForDeploymentPostprocessing = 0;
		};
		44BA6A2B1C2A250C00C3AD6B /* Frameworks */ = {
			isa = PBXFrameworksBuildPhase;
			buildActionMask = 2147483647;
			files = (
			);
			runOnlyForDeploymentPostprocessing = 0;
		};
/* End PBXFrameworksBuildPhase section */

/* Begin PBXGroup section */
		44BA6A011C2A250C00C3AD6B = {
			isa = PBXGroup;
			children = (
				44BA6A0C1C2A250C00C3AD6B /* 网易音乐动效 */,
				44BA6A261C2A250C00C3AD6B /* 网易音乐动效Tests */,
				44BA6A311C2A250C00C3AD6B /* 网易音乐动效UITests */,
				44BA6A0B1C2A250C00C3AD6B /* Products */,
			);
			sourceTree = "<group>";
		};
		44BA6A0B1C2A250C00C3AD6B /* Products */ = {
			isa = PBXGroup;
			children = (
				44BA6A0A1C2A250C00C3AD6B /* 网易音乐动效.app */,
				44BA6A231C2A250C00C3AD6B /* 网易音乐动效Tests.xctest */,
				44BA6A2E1C2A250C00C3AD6B /* 网易音乐动效UITests.xctest */,
			);
			name = Products;
			sourceTree = "<group>";
		};
		44BA6A0C1C2A250C00C3AD6B /* 网易音乐动效 */ = {
			isa = PBXGroup;
			children = (
				44BA6A421C2A7F8B00C3AD6B /* YLMusicBarButton.h */,
				44BA6A431C2A7F8B00C3AD6B /* YLMusicBarButton.m */,
				44BA6A401C2A36C200C3AD6B /* photo.png */,
				44BA6A101C2A250C00C3AD6B /* AppDelegate.h */,
				44BA6A111C2A250C00C3AD6B /* AppDelegate.m */,
				44BA6A131C2A250C00C3AD6B /* ViewController.h */,
				44BA6A141C2A250C00C3AD6B /* ViewController.m */,
				44BA6A161C2A250C00C3AD6B /* Main.storyboard */,
				44BA6A191C2A250C00C3AD6B /* Assets.xcassets */,
				44BA6A1B1C2A250C00C3AD6B /* LaunchScreen.storyboard */,
				44BA6A1E1C2A250C00C3AD6B /* Info.plist */,
				44BA6A0D1C2A250C00C3AD6B /* Supporting Files */,
			);
			path = "网易音乐动效";
			sourceTree = "<group>";
		};
		44BA6A0D1C2A250C00C3AD6B /* Supporting Files */ = {
			isa = PBXGroup;
			children = (
				44BA6A0E1C2A250C00C3AD6B /* main.m */,
			);
			name = "Supporting Files";
			sourceTree = "<group>";
		};
		44BA6A261C2A250C00C3AD6B /* 网易音乐动效Tests */ = {
			isa = PBXGroup;
			children = (
				44BA6A271C2A250C00C3AD6B /* ______Tests.m */,
				44BA6A291C2A250C00C3AD6B /* Info.plist */,
			);
			path = "网易音乐动效Tests";
			sourceTree = "<group>";
		};
		44BA6A311C2A250C00C3AD6B /* 网易音乐动效UITests */ = {
			isa = PBXGroup;
			children = (
				44BA6A321C2A250C00C3AD6B /* ______UITests.m */,
				44BA6A341C2A250C00C3AD6B /* Info.plist */,
			);
			path = "网易音乐动效UITests";
			sourceTree = "<group>";
		};
/* End PBXGroup section */

/* Begin PBXNativeTarget section */
		44BA6A091C2A250C00C3AD6B /* 网易音乐动效 */ = {
			isa = PBXNativeTarget;
			buildConfigurationList = 44BA6A371C2A250C00C3AD6B /* Build configuration list for PBXNativeTarget "网易音乐动效" */;
			buildPhases = (
				44BA6A061C2A250C00C3AD6B /* Sources */,
				44BA6A071C2A250C00C3AD6B /* Frameworks */,
				44BA6A081C2A250C00C3AD6B /* Resources */,
			);
			buildRules = (
			);
			dependencies = (
			);
			name = "网易音乐动效";
			productName = "网易音乐动效";
			productReference = 44BA6A0A1C2A250C00C3AD6B /* 网易音乐动效.app */;
			productType = "com.apple.product-type.application";
		};
		44BA6A221C2A250C00C3AD6B /* 网易音乐动效Tests */ = {
			isa = PBXNativeTarget;
			buildConfigurationList = 44BA6A3A1C2A250C00C3AD6B /* Build configuration list for PBXNativeTarget "网易音乐动效Tests" */;
			buildPhases = (
				44BA6A1F1C2A250C00C3AD6B /* Sources */,
				44BA6A201C2A250C00C3AD6B /* Frameworks */,
				44BA6A211C2A250C00C3AD6B /* Resources */,
			);
			buildRules = (
			);
			dependencies = (
				44BA6A251C2A250C00C3AD6B /* PBXTargetDependency */,
			);
			name = "网易音乐动效Tests";
			productName = "网易音乐动效Tests";
			productReference = 44BA6A231C2A250C00C3AD6B /* 网易音乐动效Tests.xctest */;
			productType = "com.apple.product-type.bundle.unit-test";
		};
		44BA6A2D1C2A250C00C3AD6B /* 网易音乐动效UITests */ = {
			isa = PBXNativeTarget;
			buildConfigurationList = 44BA6A3D1C2A250C00C3AD6B /* Build configuration list for PBXNativeTarget "网易音乐动效UITests" */;
			buildPhases = (
				44BA6A2A1C2A250C00C3AD6B /* Sources */,
				44BA6A2B1C2A250C00C3AD6B /* Frameworks */,
				44BA6A2C1C2A250C00C3AD6B /* Resources */,
			);
			buildRules = (
			);
			dependencies = (
				44BA6A301C2A250C00C3AD6B /* PBXTargetDependency */,
			);
			name = "网易音乐动效UITests";
			productName = "网易音乐动效UITests";
			productReference = 44BA6A2E1C2A250C00C3AD6B /* 网易音乐动效UITests.xctest */;
			productType = "com.apple.product-type.bundle.ui-testing";
		};
/* End PBXNativeTarget section */

/* Begin PBXProject section */
		44BA6A021C2A250C00C3AD6B /* Project object */ = {
			isa = PBXProject;
			attributes = {
				LastUpgradeCheck = 0700;
				ORGANIZATIONNAME = "胡晓桥";
				TargetAttributes = {
					44BA6A091C2A250C00C3AD6B = {
						CreatedOnToolsVersion = 7.0;
					};
					44BA6A221C2A250C00C3AD6B = {
						CreatedOnToolsVersion = 7.0;
						TestTargetID = 44BA6A091C2A250C00C3AD6B;
					};
					44BA6A2D1C2A250C00C3AD6B = {
						CreatedOnToolsVersion = 7.0;
						TestTargetID = 44BA6A091C2A250C00C3AD6B;
					};
				};
			};
			buildConfigurationList = 44BA6A051C2A250C00C3AD6B /* Build configuration list for PBXProject "网易音乐动效" */;
			compatibilityVersion = "Xcode 3.2";
			developmentRegion = English;
			hasScannedForEncodings = 0;
			knownRegions = (
				en,
				Base,
			);
			mainGroup = 44BA6A011C2A250C00C3AD6B;
			productRefGroup = 44BA6A0B1C2A250C00C3AD6B /* Products */;
			projectDirPath = "";
			projectRoot = "";
			targets = (
				44BA6A091C2A250C00C3AD6B /* 网易音乐动效 */,
				44BA6A221C2A250C00C3AD6B /* 网易音乐动效Tests */,
				44BA6A2D1C2A250C00C3AD6B /* 网易音乐动效UITests */,
			);
		};
/* End PBXProject section */

/* Begin PBXResourcesBuildPhase section */
		44BA6A081C2A250C00C3AD6B /* Resources */ = {
			isa = PBXResourcesBuildPhase;
			buildActionMask = 2147483647;
			files = (
				44BA6A1D1C2A250C00C3AD6B /* LaunchScreen.storyboard in Resources */,
				44BA6A1A1C2A250C00C3AD6B /* Assets.xcassets in Resources */,
				44BA6A411C2A36C200C3AD6B /* photo.png in Resources */,
				44BA6A181C2A250C00C3AD6B /* Main.storyboard in Resources */,
			);
			runOnlyForDeploymentPostprocessing = 0;
		};
		44BA6A211C2A250C00C3AD6B /* Resources */ = {
			isa = PBXResourcesBuildPhase;
			buildActionMask = 2147483647;
			files = (
			);
			runOnlyForDeploymentPostprocessing = 0;
		};
		44BA6A2C1C2A250C00C3AD6B /* Resources */ = {
			isa = PBXResourcesBuildPhase;
			buildActionMask = 2147483647;
			files = (
			);
			runOnlyForDeploymentPostprocessing = 0;
		};
/* End PBXResourcesBuildPhase section */

/* Begin PBXSourcesBuildPhase section */
		44BA6A061C2A250C00C3AD6B /* Sources */ = {
			isa = PBXSourcesBuildPhase;
			buildActionMask = 2147483647;
			files = (
				44BA6A441C2A7F8B00C3AD6B /* YLMusicBarButton.m in Sources */,
				44BA6A151C2A250C00C3AD6B /* ViewController.m in Sources */,
				44BA6A121C2A250C00C3AD6B /* AppDelegate.m in Sources */,
				44BA6A0F1C2A250C00C3AD6B /* main.m in Sources */,
			);
			runOnlyForDeploymentPostprocessing = 0;
		};
		44BA6A1F1C2A250C00C3AD6B /* Sources */ = {
			isa = PBXSourcesBuildPhase;
			buildActionMask = 2147483647;
			files = (
				44BA6A281C2A250C00C3AD6B /* ______Tests.m in Sources */,
			);
			runOnlyForDeploymentPostprocessing = 0;
		};
		44BA6A2A1C2A250C00C3AD6B /* Sources */ = {
			isa = PBXSourcesBuildPhase;
			buildActionMask = 2147483647;
			files = (
				44BA6A331C2A250C00C3AD6B /* ______UITests.m in Sources */,
			);
			runOnlyForDeploymentPostprocessing = 0;
		};
/* End PBXSourcesBuildPhase section */

/* Begin PBXTargetDependency section */
		44BA6A251C2A250C00C3AD6B /* PBXTargetDependency */ = {
			isa = PBXTargetDependency;
			target = 44BA6A091C2A250C00C3AD6B /* 网易音乐动效 */;
			targetProxy = 44BA6A241C2A250C00C3AD6B /* PBXContainerItemProxy */;
		};
		44BA6A301C2A250C00C3AD6B /* PBXTargetDependency */ = {
			isa = PBXTargetDependency;
			target = 44BA6A091C2A250C00C3AD6B /* 网易音乐动效 */;
			targetProxy = 44BA6A2F1C2A250C00C3AD6B /* PBXContainerItemProxy */;
		};
/* End PBXTargetDependency section */

/* Begin PBXVariantGroup section */
		44BA6A161C2A250C00C3AD6B /* Main.storyboard */ = {
			isa = PBXVariantGroup;
			children = (
				44BA6A171C2A250C00C3AD6B /* Base */,
			);
			name = Main.storyboard;
			sourceTree = "<group>";
		};
		44BA6A1B1C2A250C00C3AD6B /* LaunchScreen.storyboard */ = {
			isa = PBXVariantGroup;
			children = (
				44BA6A1C1C2A250C00C3AD6B /* Base */,
			);
			name = LaunchScreen.storyboard;
			sourceTree = "<group>";
		};
/* End PBXVariantGroup section */

/* Begin XCBuildConfiguration section */
		44BA6A351C2A250C00C3AD6B /* Debug */ = {
			isa = XCBuildConfiguration;
			buildSettings = {
				ALWAYS_SEARCH_USER_PATHS = NO;
				CLANG_CXX_LANGUAGE_STANDARD = "gnu++0x";
				CLANG_CXX_LIBRARY = "libc++";
				CLANG_ENABLE_MODULES = YES;
				CLANG_ENABLE_OBJC_ARC = YES;
				CLANG_WARN_BOOL_CONVERSION = YES;
				CLANG_WARN_CONSTANT_CONVERSION = YES;
				CLANG_WARN_DIRECT_OBJC_ISA_USAGE = YES_ERROR;
				CLANG_WARN_EMPTY_BODY = YES;
				CLANG_WARN_ENUM_CONVERSION = YES;
				CLANG_WARN_INT_CONVERSION = YES;
				CLANG_WARN_OBJC_ROOT_CLASS = YES_ERROR;
				CLANG_WARN_UNREACHABLE_CODE = YES;
				CLANG_WARN__DUPLICATE_METHOD_MATCH = YES;
				"CODE_SIGN_IDENTITY[sdk=iphoneos*]" = "iPhone Developer";
				COPY_PHASE_STRIP = NO;
				DEBUG_INFORMATION_FORMAT = dwarf;
				ENABLE_STRICT_OBJC_MSGSEND = YES;
				ENABLE_TESTABILITY = YES;
				GCC_C_LANGUAGE_STANDARD = gnu99;
				GCC_DYNAMIC_NO_PIC = NO;
				GCC_NO_COMMON_BLOCKS = YES;
				GCC_OPTIMIZATION_LEVEL = 0;
				GCC_PREPROCESSOR_DEFINITIONS = (
					"DEBUG=1",
					"$(inherited)",
				);
				GCC_WARN_64_TO_32_BIT_CONVERSION = YES;
				GCC_WARN_ABOUT_RETURN_TYPE = YES_ERROR;
				GCC_WARN_UNDECLARED_SELECTOR = YES;
				GCC_WARN_UNINITIALIZED_AUTOS = YES_AGGRESSIVE;
				GCC_WARN_UNUSED_FUNCTION = YES;
				GCC_WARN_UNUSED_VARIABLE = YES;
				IPHONEOS_DEPLOYMENT_TARGET = 9.0;
				MTL_ENABLE_DEBUG_INFO = YES;
				ONLY_ACTIVE_ARCH = YES;
				SDKROOT = iphoneos;
				TARGETED_DEVICE_FAMILY = "1,2";
			};
			name = Debug;
		};
		44BA6A361C2A250C00C3AD6B /* Release */ = {
			isa = XCBuildConfiguration;
			buildSettings = {
				ALWAYS_SEARCH_USER_PATHS = NO;
				CLANG_CXX_LANGUAGE_STANDARD = "gnu++0x";
				CLANG_CXX_LIBRARY = "libc++";
				CLANG_ENABLE_MODULES = YES;
				CLANG_ENABLE_OBJC_ARC = YES;
				CLANG_WARN_BOOL_CONVERSION = YES;
				CLANG_WARN_CONSTANT_CONVERSION = YES;
				CLANG_WARN_DIRECT_OBJC_ISA_USAGE = YES_ERROR;
				CLANG_WARN_EMPTY_BODY = YES;
				CLANG_WARN_ENUM_CONVERSION = YES;
				CLANG_WARN_INT_CONVERSION = YES;
				CLANG_WARN_OBJC_ROOT_CLASS = YES_ERROR;
				CLANG_WARN_UNREACHABLE_CODE = YES;
				CLANG_WARN__DUPLICATE_METHOD_MATCH = YES;
				"CODE_SIGN_IDENTITY[sdk=iphoneos*]" = "iPhone Developer";
				COPY_PHASE_STRIP = NO;
				DEBUG_INFORMATION_FORMAT = "dwarf-with-dsym";
				ENABLE_NS_ASSERTIONS = NO;
				ENABLE_STRICT_OBJC_MSGSEND = YES;
				GCC_C_LANGUAGE_STANDARD = gnu99;
				GCC_NO_COMMON_BLOCKS = YES;
				GCC_WARN_64_TO_32_BIT_CONVERSION = YES;
				GCC_WARN_ABOUT_RETURN_TYPE = YES_ERROR;
				GCC_WARN_UNDECLARED_SELECTOR = YES;
				GCC_WARN_UNINITIALIZED_AUTOS = YES_AGGRESSIVE;
				GCC_WARN_UNUSED_FUNCTION = YES;
				GCC_WARN_UNUSED_VARIABLE = YES;
				IPHONEOS_DEPLOYMENT_TARGET = 9.0;
				MTL_ENABLE_DEBUG_INFO = NO;
				SDKROOT = iphoneos;
				TARGETED_DEVICE_FAMILY = "1,2";
				VALIDATE_PRODUCT = YES;
			};
			name = Release;
		};
		44BA6A381C2A250C00C3AD6B /* Debug */ = {
			isa = XCBuildConfiguration;
			buildSettings = {
				ASSETCATALOG_COMPILER_APPICON_NAME = AppIcon;
				INFOPLIST_FILE = "网易音乐动效/Info.plist";
				LD_RUNPATH_SEARCH_PATHS = "$(inherited) @executable_path/Frameworks";
				PRODUCT_BUNDLE_IDENTIFIER = "huxiaoqiao.------";
				PRODUCT_NAME = "$(TARGET_NAME)";
			};
			name = Debug;
		};
		44BA6A391C2A250C00C3AD6B /* Release */ = {
			isa = XCBuildConfiguration;
			buildSettings = {
				ASSETCATALOG_COMPILER_APPICON_NAME = AppIcon;
				INFOPLIST_FILE = "网易音乐动效/Info.plist";
				LD_RUNPATH_SEARCH_PATHS = "$(inherited) @executable_path/Frameworks";
				PRODUCT_BUNDLE_IDENTIFIER = "huxiaoqiao.------";
				PRODUCT_NAME = "$(TARGET_NAME)";
			};
			name = Release;
		};
		44BA6A3B1C2A250C00C3AD6B /* Debug */ = {
			isa = XCBuildConfiguration;
			buildSettings = {
				BUNDLE_LOADER = "$(TEST_HOST)";
				INFOPLIST_FILE = "网易音乐动效Tests/Info.plist";
				LD_RUNPATH_SEARCH_PATHS = "$(inherited) @executable_path/Frameworks @loader_path/Frameworks";
				PRODUCT_BUNDLE_IDENTIFIER = "huxiaoqiao.------Tests";
				PRODUCT_NAME = "$(TARGET_NAME)";
				TEST_HOST = "$(BUILT_PRODUCTS_DIR)/网易音乐动效.app/网易音乐动效";
			};
			name = Debug;
		};
		44BA6A3C1C2A250C00C3AD6B /* Release */ = {
			isa = XCBuildConfiguration;
			buildSettings = {
				BUNDLE_LOADER = "$(TEST_HOST)";
				INFOPLIST_FILE = "网易音乐动效Tests/Info.plist";
				LD_RUNPATH_SEARCH_PATHS = "$(inherited) @executable_path/Frameworks @loader_path/Frameworks";
				PRODUCT_BUNDLE_IDENTIFIER = "huxiaoqiao.------Tests";
				PRODUCT_NAME = "$(TARGET_NAME)";
				TEST_HOST = "$(BUILT_PRODUCTS_DIR)/网易音乐动效.app/网易音乐动效";
			};
			name = Release;
		};
		44BA6A3E1C2A250C00C3AD6B /* Debug */ = {
			isa = XCBuildConfiguration;
			buildSettings = {
				INFOPLIST_FILE = "网易音乐动效UITests/Info.plist";
				LD_RUNPATH_SEARCH_PATHS = "$(inherited) @executable_path/Frameworks @loader_path/Frameworks";
				PRODUCT_BUNDLE_IDENTIFIER = "huxiaoqiao.------UITests";
				PRODUCT_NAME = "$(TARGET_NAME)";
				TEST_TARGET_NAME = "网易音乐动效";
				USES_XCTRUNNER = YES;
			};
			name = Debug;
		};
		44BA6A3F1C2A250C00C3AD6B /* Release */ = {
			isa = XCBuildConfiguration;
			buildSettings = {
				INFOPLIST_FILE = "网易音乐动效UITests/Info.plist";
				LD_RUNPATH_SEARCH_PATHS = "$(inherited) @executable_path/Frameworks @loader_path/Frameworks";
				PRODUCT_BUNDLE_IDENTIFIER = "huxiaoqiao.------UITests";
				PRODUCT_NAME = "$(TARGET_NAME)";
				TEST_TARGET_NAME = "网易音乐动效";
				USES_XCTRUNNER = YES;
			};
			name = Release;
		};
/* End XCBuildConfiguration section */

/* Begin XCConfigurationList section */
		44BA6A051C2A250C00C3AD6B /* Build configuration list for PBXProject "网易音乐动效" */ = {
			isa = XCConfigurationList;
			buildConfigurations = (
				44BA6A351C2A250C00C3AD6B /* Debug */,
				44BA6A361C2A250C00C3AD6B /* Release */,
			);
			defaultConfigurationIsVisible = 0;
			defaultConfigurationName = Release;
		};
		44BA6A371C2A250C00C3AD6B /* Build configuration list for PBXNativeTarget "网易音乐动效" */ = {
			isa = XCConfigurationList;
			buildConfigurations = (
				44BA6A381C2A250C00C3AD6B /* Debug */,
				44BA6A391C2A250C00C3AD6B /* Release */,
			);
			defaultConfigurationIsVisible = 0;
			defaultConfigurationName = Release;
		};
		44BA6A3A1C2A250C00C3AD6B /* Build configuration list for PBXNativeTarget "网易音乐动效Tests" */ = {
			isa = XCConfigurationList;
			buildConfigurations = (
				44BA6A3B1C2A250C00C3AD6B /* Debug */,
				44BA6A3C1C2A250C00C3AD6B /* Release */,
			);
			defaultConfigurationIsVisible = 0;
			defaultConfigurationName = Release;
		};
		44BA6A3D1C2A250C00C3AD6B /* Build configuration list for PBXNativeTarget "网易音乐动效UITests" */ = {
			isa = XCConfigurationList;
			buildConfigurations = (
				44BA6A3E1C2A250C00C3AD6B /* Debug */,
				44BA6A3F1C2A250C00C3AD6B /* Release */,
			);
			defaultConfigurationIsVisible = 0;
			defaultConfigurationName = Release;
		};
/* End XCConfigurationList section */
	};
	rootObject = 44BA6A021C2A250C00C3AD6B /* Project object */;
}
